
Microsoft Visual Studio Solution File, Format Version 12.00
# Visual Studio 15
VisualStudioVersion = 15.0.28010.2003
MinimumVisualStudioVersion = 10.0.40219.1
Project("{FAE04EC0-301F-11D3-BF4B-00C04F79EFBC}") = "WindowsFormsApp1", "WindowsFormsApp1\WindowsFormsApp1.csproj", "{B775AEB7-EEB7-4C45-991D-BC69EC411426}"
EndProject
Global
	GlobalSection(SolutionConfigurationPlatforms) = preSolution
		Debug|Any CPU = Debug|Any CPU
		Release|Any CPU = Release|Any CPU
	EndGlobalSection
	GlobalSection(ProjectConfigurationPlatforms) = postSolution
		{B775AEB7-EEB7-4C45-991D-BC69EC411426}.Debug|Any CPU.ActiveCfg = Debug|Any CPU
		{B775AEB7-EEB7-4C45-991D-BC69EC411426}.Debug|Any CPU.Build.0 = Debug|Any CPU
		{B775AEB7-EEB7-4C45-991D-BC69EC411426}.Release|Any CPU.ActiveCfg = Release|Any CPU
		{B775AEB7-EEB7-4C45-991D-BC69EC411426}.Release|Any CPU.Build.0 = Release|Any CPU
	EndGlobalSection
	GlobalSection(SolutionProperties) = preSolution
		HideSolutionNode = FALSE
	EndGlobalSection
	GlobalSection(ExtensibilityGlobals) = postSolution
		SolutionGuid = {EB12F40F-7205-49C3-84DB-EF301941284C}
	EndGlobalSection
EndGlobal
